
Microsoft Visual Studio Solution File, Format Version 11.00
# Visual Studio 2010
Project("{FAE04EC0-301F-11D3-BF4B-00C04F79EFBC}") = "Assembly-CSharp", "Assembly-CSharp.csproj", "{CC597C0C-3078-663C-302A-BA0C5FED37D9}"
EndProject
Project("{FAE04EC0-301F-11D3-BF4B-00C04F79EFBC}") = "Assembly-CSharp-Editor", "Assembly-CSharp-Editor.csproj", "{E802D9C1-2C18-9301-CE14-C7160C177217}"
EndProject
Global
	GlobalSection(SolutionConfigurationPlatforms) = preSolution
		Debug|Any CPU = Debug|Any CPU
		Release|Any CPU = Release|Any CPU
	EndGlobalSection
	GlobalSection(ProjectConfigurationPlatforms) = postSolution
		{CC597C0C-3078-663C-302A-BA0C5FED37D9}.Debug|Any CPU.ActiveCfg = Debug|Any CPU
		{CC597C0C-3078-663C-302A-BA0C5FED37D9}.Debug|Any CPU.Build.0 = Debug|Any CPU
		{CC597C0C-3078-663C-302A-BA0C5FED37D9}.Release|Any CPU.ActiveCfg = Release|Any CPU
		{CC597C0C-3078-663C-302A-BA0C5FED37D9}.Release|Any CPU.Build.0 = Release|Any CPU
		{E802D9C1-2C18-9301-CE14-C7160C177217}.Debug|Any CPU.ActiveCfg = Debug|Any CPU
		{E802D9C1-2C18-9301-CE14-C7160C177217}.Debug|Any CPU.Build.0 = Debug|Any CPU
		{E802D9C1-2C18-9301-CE14-C7160C177217}.Release|Any CPU.ActiveCfg = Release|Any CPU
		{E802D9C1-2C18-9301-CE14-C7160C177217}.Release|Any CPU.Build.0 = Release|Any CPU
	EndGlobalSection
	GlobalSection(SolutionProperties) = preSolution
		HideSolutionNode = FALSE
	EndGlobalSection
EndGlobal
